
Microsoft Visual Studio Solution File, Format Version 12.00
# Visual Studio Version 16
VisualStudioVersion = 16.0.30204.135
MinimumVisualStudioVersion = 10.0.40219.1
Project("{FAE04EC0-301F-11D3-BF4B-00C04F79EFBC}") = "stmaAlcancia", "stmaAlcancia\stmaAlcancia.csproj", "{498681C2-2279-42A2-97E3-A0601417ABD5}"
EndProject
Project("{FAE04EC0-301F-11D3-BF4B-00C04F79EFBC}") = "libServicios", "libServicios\libServicios.csproj", "{EC918AEE-8089-4552-8CA9-F03C1155D32E}"
EndProject
Project("{FAE04EC0-301F-11D3-BF4B-00C04F79EFBC}") = "appConsAlcancia", "appConsAlcancia\appConsAlcancia.csproj", "{4049C4A5-BB33-4801-AB06-C5A9D8D6FA9E}"
EndProject
Global
	GlobalSection(SolutionConfigurationPlatforms) = preSolution
		Debug|Any CPU = Debug|Any CPU
		Release|Any CPU = Release|Any CPU
	EndGlobalSection
	GlobalSection(ProjectConfigurationPlatforms) = postSolution
		{498681C2-2279-42A2-97E3-A0601417ABD5}.Debug|Any CPU.ActiveCfg = Debug|Any CPU
		{498681C2-2279-42A2-97E3-A0601417ABD5}.Debug|Any CPU.Build.0 = Debug|Any CPU
		{498681C2-2279-42A2-97E3-A0601417ABD5}.Release|Any CPU.ActiveCfg = Release|Any CPU
		{498681C2-2279-42A2-97E3-A0601417ABD5}.Release|Any CPU.Build.0 = Release|Any CPU
		{EC918AEE-8089-4552-8CA9-F03C1155D32E}.Debug|Any CPU.ActiveCfg = Debug|Any CPU
		{EC918AEE-8089-4552-8CA9-F03C1155D32E}.Debug|Any CPU.Build.0 = Debug|Any CPU
		{EC918AEE-8089-4552-8CA9-F03C1155D32E}.Release|Any CPU.ActiveCfg = Release|Any CPU
		{EC918AEE-8089-4552-8CA9-F03C1155D32E}.Release|Any CPU.Build.0 = Release|Any CPU
		{4049C4A5-BB33-4801-AB06-C5A9D8D6FA9E}.Debug|Any CPU.ActiveCfg = Debug|Any CPU
		{4049C4A5-BB33-4801-AB06-C5A9D8D6FA9E}.Debug|Any CPU.Build.0 = Debug|Any CPU
		{4049C4A5-BB33-4801-AB06-C5A9D8D6FA9E}.Release|Any CPU.ActiveCfg = Release|Any CPU
		{4049C4A5-BB33-4801-AB06-C5A9D8D6FA9E}.Release|Any CPU.Build.0 = Release|Any CPU
	EndGlobalSection
	GlobalSection(SolutionProperties) = preSolution
		HideSolutionNode = FALSE
	EndGlobalSection
	GlobalSection(ExtensibilityGlobals) = postSolution
		SolutionGuid = {2095AECC-8D09-4052-A3EE-1D1D737C79D6}
	EndGlobalSection
EndGlobal
